
Microsoft Visual Studio Solution File, Format Version 12.00
# Visual Studio 15
VisualStudioVersion = 15.0.28307.168
MinimumVisualStudioVersion = 10.0.40219.1
Project("{FAE04EC0-301F-11D3-BF4B-00C04F79EFBC}") = "Entidades", "Entidades\Entidades.csproj", "{20E42FD1-72B0-4D8E-A05D-101F393CDA4A}"
EndProject
Project("{FAE04EC0-301F-11D3-BF4B-00C04F79EFBC}") = "MainCorreo", "MainCorreo\MainCorreo.csproj", "{80A9AB01-CA05-453F-928B-48210AEC82FC}"
EndProject
Project("{FAE04EC0-301F-11D3-BF4B-00C04F79EFBC}") = "Test", "Test\Test.csproj", "{F5AC691E-45C9-4440-9E0E-4741649C7BE0}"
EndProject
Global
	GlobalSection(SolutionConfigurationPlatforms) = preSolution
		Debug|Any CPU = Debug|Any CPU
		Release|Any CPU = Release|Any CPU
	EndGlobalSection
	GlobalSection(ProjectConfigurationPlatforms) = postSolution
		{20E42FD1-72B0-4D8E-A05D-101F393CDA4A}.Debug|Any CPU.ActiveCfg = Debug|Any CPU
		{20E42FD1-72B0-4D8E-A05D-101F393CDA4A}.Debug|Any CPU.Build.0 = Debug|Any CPU
		{20E42FD1-72B0-4D8E-A05D-101F393CDA4A}.Release|Any CPU.ActiveCfg = Release|Any CPU
		{20E42FD1-72B0-4D8E-A05D-101F393CDA4A}.Release|Any CPU.Build.0 = Release|Any CPU
		{80A9AB01-CA05-453F-928B-48210AEC82FC}.Debug|Any CPU.ActiveCfg = Debug|Any CPU
		{80A9AB01-CA05-453F-928B-48210AEC82FC}.Debug|Any CPU.Build.0 = Debug|Any CPU
		{80A9AB01-CA05-453F-928B-48210AEC82FC}.Release|Any CPU.ActiveCfg = Release|Any CPU
		{80A9AB01-CA05-453F-928B-48210AEC82FC}.Release|Any CPU.Build.0 = Release|Any CPU
		{F5AC691E-45C9-4440-9E0E-4741649C7BE0}.Debug|Any CPU.ActiveCfg = Debug|Any CPU
		{F5AC691E-45C9-4440-9E0E-4741649C7BE0}.Debug|Any CPU.Build.0 = Debug|Any CPU
		{F5AC691E-45C9-4440-9E0E-4741649C7BE0}.Release|Any CPU.ActiveCfg = Release|Any CPU
		{F5AC691E-45C9-4440-9E0E-4741649C7BE0}.Release|Any CPU.Build.0 = Release|Any CPU
	EndGlobalSection
	GlobalSection(SolutionProperties) = preSolution
		HideSolutionNode = FALSE
	EndGlobalSection
	GlobalSection(ExtensibilityGlobals) = postSolution
		SolutionGuid = {93806447-D1D0-49FB-96FE-4A79A02FC0EC}
	EndGlobalSection
EndGlobal
